// !$*UTF8*$!
{
	archiveVersion = 1;
	classes = {
	};
	objectVersion = 46;
	objects = {

/* Begin PBXBuildFile section */
		CC0113021EC3F88D007203BC /* AppDelegate.swift in Sources */ = {isa = PBXBuildFile; fileRef = CC0113011EC3F88D007203BC /* AppDelegate.swift */; };
		CC0113041EC3F88D007203BC /* ViewController.swift in Sources */ = {isa = PBXBuildFile; fileRef = CC0113031EC3F88D007203BC /* ViewController.swift */; };
		CC0113071EC3F88D007203BC /* Main.storyboard in Resources */ = {isa = PBXBuildFile; fileRef = CC0113051EC3F88D007203BC /* Main.storyboard */; };
		CC0113091EC3F88D007203BC /* Assets.xcassets in Resources */ = {isa = PBXBuildFile; fileRef = CC0113081EC3F88D007203BC /* Assets.xcassets */; };
		CC01130C1EC3F88D007203BC /* LaunchScreen.storyboard in Resources */ = {isa = PBXBuildFile; fileRef = CC01130A1EC3F88D007203BC /* LaunchScreen.storyboard */; };
		CCA355C31EC4199F0037B94E /* pokemon.csv in Resources */ = {isa = PBXBuildFile; fileRef = CCA355C21EC4199F0037B94E /* pokemon.csv */; };
		CCA355C61EC419F80037B94E /* Pokemon.swift in Sources */ = {isa = PBXBuildFile; fileRef = CCA355C51EC419F80037B94E /* Pokemon.swift */; };
/* End PBXBuildFile section */

/* Begin PBXFileReference section */
		CC0112FE1EC3F88A007203BC /* PokeBook.app */ = {isa = PBXFileReference; explicitFileType = wrapper.application; includeInIndex = 0; path = PokeBook.app; sourceTree = BUILT_PRODUCTS_DIR; };
		CC0113011EC3F88D007203BC /* AppDelegate.swift */ = {isa = PBXFileReference; lastKnownFileType = sourcecode.swift; path = AppDelegate.swift; sourceTree = "<group>"; };
		CC0113031EC3F88D007203BC /* ViewController.swift */ = {isa = PBXFileReference; lastKnownFileType = sourcecode.swift; path = ViewController.swift; sourceTree = "<group>"; };
		CC0113061EC3F88D007203BC /* Base */ = {isa = PBXFileReference; lastKnownFileType = file.storyboard; name = Base; path = Base.lproj/Main.storyboard; sourceTree = "<group>"; };
		CC0113081EC3F88D007203BC /* Assets.xcassets */ = {isa = PBXFileReference; lastKnownFileType = folder.assetcatalog; path = Assets.xcassets; sourceTree = "<group>"; };
		CC01130B1EC3F88D007203BC /* Base */ = {isa = PBXFileReference; lastKnownFileType = file.storyboard; name = Base; path = Base.lproj/LaunchScreen.storyboard; sourceTree = "<group>"; };
		CC01130D1EC3F890007203BC /* Info.plist */ = {isa = PBXFileReference; lastKnownFileType = text.plist.xml; path = Info.plist; sourceTree = "<group>"; };
		CCA355C21EC4199F0037B94E /* pokemon.csv */ = {isa = PBXFileReference; fileEncoding = 4; lastKnownFileType = text; path = pokemon.csv; sourceTree = "<group>"; };
		CCA355C51EC419F80037B94E /* Pokemon.swift */ = {isa = PBXFileReference; fileEncoding = 4; lastKnownFileType = sourcecode.swift; path = Pokemon.swift; sourceTree = "<group>"; };
/* End PBXFileReference section */

/* Begin PBXFrameworksBuildPhase section */
		CC0112FB1EC3F88A007203BC /* Frameworks */ = {
			isa = PBXFrameworksBuildPhase;
			buildActionMask = 2147483647;
			files = (
			);
			runOnlyForDeploymentPostprocessing = 0;
		};
/* End PBXFrameworksBuildPhase section */

/* Begin PBXGroup section */
		CC0112F51EC3F88A007203BC = {
			isa = PBXGroup;
			children = (
				CC0113001EC3F88A007203BC /* PokeBook */,
				CC0112FF1EC3F88A007203BC /* Products */,
			);
			sourceTree = "<group>";
		};
		CC0112FF1EC3F88A007203BC /* Products */ = {
			isa = PBXGroup;
			children = (
				CC0112FE1EC3F88A007203BC /* PokeBook.app */,
			);
			name = Products;
			sourceTree = "<group>";
		};
		CC0113001EC3F88A007203BC /* PokeBook */ = {
			isa = PBXGroup;
			children = (
				CCA355C41EC419D80037B94E /* Model */,
				CC0113011EC3F88D007203BC /* AppDelegate.swift */,
				CC0113031EC3F88D007203BC /* ViewController.swift */,
				CC0113051EC3F88D007203BC /* Main.storyboard */,
				CC0113081EC3F88D007203BC /* Assets.xcassets */,
				CCA355C21EC4199F0037B94E /* pokemon.csv */,
				CC01130A1EC3F88D007203BC /* LaunchScreen.storyboard */,
				CC01130D1EC3F890007203BC /* Info.plist */,
			);
			path = PokeBook;
			sourceTree = "<group>";
		};
		CCA355C41EC419D80037B94E /* Model */ = {
			isa = PBXGroup;
			children = (
				CCA355C51EC419F80037B94E /* Pokemon.swift */,
			);
			name = Model;
			sourceTree = "<group>";
		};
/* End PBXGroup section */

/* Begin PBXNativeTarget section */
		CC0112FD1EC3F88A007203BC /* PokeBook */ = {
			isa = PBXNativeTarget;
			buildConfigurationList = CC0113101EC3F890007203BC /* Build configuration list for PBXNativeTarget "PokeBook" */;
			buildPhases = (
				CC0112FA1EC3F88A007203BC /* Sources */,
				CC0112FB1EC3F88A007203BC /* Frameworks */,
				CC0112FC1EC3F88A007203BC /* Resources */,
			);
			buildRules = (
			);
			dependencies = (
			);
			name = PokeBook;
			productName = PokeBook;
			productReference = CC0112FE1EC3F88A007203BC /* PokeBook.app */;
			productType = "com.apple.product-type.application";
		};
/* End PBXNativeTarget section */

/* Begin PBXProject section */
		CC0112F61EC3F88A007203BC /* Project object */ = {
			isa = PBXProject;
			attributes = {
				LastSwiftUpdateCheck = 0830;
				LastUpgradeCheck = 0830;
				ORGANIZATIONNAME = RainbowApps;
				TargetAttributes = {
					CC0112FD1EC3F88A007203BC = {
						CreatedOnToolsVersion = 8.3.2;
						ProvisioningStyle = Automatic;
					};
				};
			};
			buildConfigurationList = CC0112F91EC3F88A007203BC /* Build configuration list for PBXProject "PokeBook" */;
			compatibilityVersion = "Xcode 3.2";
			developmentRegion = English;
			hasScannedForEncodings = 0;
			knownRegions = (
				en,
				Base,
			);
			mainGroup = CC0112F51EC3F88A007203BC;
			productRefGroup = CC0112FF1EC3F88A007203BC /* Products */;
			projectDirPath = "";
			projectRoot = "";
			targets = (
				CC0112FD1EC3F88A007203BC /* PokeBook */,
			);
		};
/* End PBXProject section */

/* Begin PBXResourcesBuildPhase section */
		CC0112FC1EC3F88A007203BC /* Resources */ = {
			isa = PBXResourcesBuildPhase;
			buildActionMask = 2147483647;
			files = (
				CC01130C1EC3F88D007203BC /* LaunchScreen.storyboard in Resources */,
				CC0113091EC3F88D007203BC /* Assets.xcassets in Resources */,
				CCA355C31EC4199F0037B94E /* pokemon.csv in Resources */,
				CC0113071EC3F88D007203BC /* Main.storyboard in Resources */,
			);
			runOnlyForDeploymentPostprocessing = 0;
		};
/* End PBXResourcesBuildPhase section */

/* Begin PBXSourcesBuildPhase section */
		CC0112FA1EC3F88A007203BC /* Sources */ = {
			isa = PBXSourcesBuildPhase;
			buildActionMask = 2147483647;
			files = (
				CC0113041EC3F88D007203BC /* ViewController.swift in Sources */,
				CC0113021EC3F88D007203BC /* AppDelegate.swift in Sources */,
				CCA355C61EC419F80037B94E /* Pokemon.swift in Sources */,
			);
			runOnlyForDeploymentPostprocessing = 0;
		};
/* End PBXSourcesBuildPhase section */

/* Begin PBXVariantGroup section */
		CC0113051EC3F88D007203BC /* Main.storyboard */ = {
			isa = PBXVariantGroup;
			children = (
				CC0113061EC3F88D007203BC /* Base */,
			);
			name = Main.storyboard;
			sourceTree = "<group>";
		};
		CC01130A1EC3F88D007203BC /* LaunchScreen.storyboard */ = {
			isa = PBXVariantGroup;
			children = (
				CC01130B1EC3F88D007203BC /* Base */,
			);
			name = LaunchScreen.storyboard;
			sourceTree = "<group>";
		};
/* End PBXVariantGroup section */

/* Begin XCBuildConfiguration section */
		CC01130E1EC3F890007203BC /* Debug */ = {
			isa = XCBuildConfiguration;
			buildSettings = {
				ALWAYS_SEARCH_USER_PATHS = NO;
				CLANG_ANALYZER_NONNULL = YES;
				CLANG_ANALYZER_NUMBER_OBJECT_CONVERSION = YES_AGGRESSIVE;
				CLANG_CXX_LANGUAGE_STANDARD = "gnu++0x";
				CLANG_CXX_LIBRARY = "libc++";
				CLANG_ENABLE_MODULES = YES;
				CLANG_ENABLE_OBJC_ARC = YES;
				CLANG_WARN_BOOL_CONVERSION = YES;
				CLANG_WARN_CONSTANT_CONVERSION = YES;
				CLANG_WARN_DIRECT_OBJC_ISA_USAGE = YES_ERROR;
				CLANG_WARN_DOCUMENTATION_COMMENTS = YES;
				CLANG_WARN_EMPTY_BODY = YES;
				CLANG_WARN_ENUM_CONVERSION = YES;
				CLANG_WARN_INFINITE_RECURSION = YES;
				CLANG_WARN_INT_CONVERSION = YES;
				CLANG_WARN_OBJC_ROOT_CLASS = YES_ERROR;
				CLANG_WARN_SUSPICIOUS_MOVE = YES;
				CLANG_WARN_UNREACHABLE_CODE = YES;
				CLANG_WARN__DUPLICATE_METHOD_MATCH = YES;
				"CODE_SIGN_IDENTITY[sdk=iphoneos*]" = "iPhone Developer";
				COPY_PHASE_STRIP = NO;
				DEBUG_INFORMATION_FORMAT = dwarf;
				ENABLE_STRICT_OBJC_MSGSEND = YES;
				ENABLE_TESTABILITY = YES;
				GCC_C_LANGUAGE_STANDARD = gnu99;
				GCC_DYNAMIC_NO_PIC = NO;
				GCC_NO_COMMON_BLOCKS = YES;
				GCC_OPTIMIZATION_LEVEL = 0;
				GCC_PREPROCESSOR_DEFINITIONS = (
					"DEBUG=1",
					"$(inherited)",
				);
				GCC_WARN_64_TO_32_BIT_CONVERSION = YES;
				GCC_WARN_ABOUT_RETURN_TYPE = YES_ERROR;
				GCC_WARN_UNDECLARED_SELECTOR = YES;
				GCC_WARN_UNINITIALIZED_AUTOS = YES_AGGRESSIVE;
				GCC_WARN_UNUSED_FUNCTION = YES;
				GCC_WARN_UNUSED_VARIABLE = YES;
				IPHONEOS_DEPLOYMENT_TARGET = 10.3;
				MTL_ENABLE_DEBUG_INFO = YES;
				ONLY_ACTIVE_ARCH = YES;
				SDKROOT = iphoneos;
				SWIFT_ACTIVE_COMPILATION_CONDITIONS = DEBUG;
				SWIFT_OPTIMIZATION_LEVEL = "-Onone";
				TARGETED_DEVICE_FAMILY = "1,2";
			};
			name = Debug;
		};
		CC01130F1EC3F890007203BC /* Release */ = {
			isa = XCBuildConfiguration;
			buildSettings = {
				ALWAYS_SEARCH_USER_PATHS = NO;
				CLANG_ANALYZER_NONNULL = YES;
				CLANG_ANALYZER_NUMBER_OBJECT_CONVERSION = YES_AGGRESSIVE;
				CLANG_CXX_LANGUAGE_STANDARD = "gnu++0x";
				CLANG_CXX_LIBRARY = "libc++";
				CLANG_ENABLE_MODULES = YES;
				CLANG_ENABLE_OBJC_ARC = YES;
				CLANG_WARN_BOOL_CONVERSION = YES;
				CLANG_WARN_CONSTANT_CONVERSION = YES;
				CLANG_WARN_DIRECT_OBJC_ISA_USAGE = YES_ERROR;
				CLANG_WARN_DOCUMENTATION_COMMENTS = YES;
				CLANG_WARN_EMPTY_BODY = YES;
				CLANG_WARN_ENUM_CONVERSION = YES;
				CLANG_WARN_INFINITE_RECURSION = YES;
				CLANG_WARN_INT_CONVERSION = YES;
				CLANG_WARN_OBJC_ROOT_CLASS = YES_ERROR;
				CLANG_WARN_SUSPICIOUS_MOVE = YES;
				CLANG_WARN_UNREACHABLE_CODE = YES;
				CLANG_WARN__DUPLICATE_METHOD_MATCH = YES;
				"CODE_SIGN_IDENTITY[sdk=iphoneos*]" = "iPhone Developer";
				COPY_PHASE_STRIP = NO;
				DEBUG_INFORMATION_FORMAT = "dwarf-with-dsym";
				ENABLE_NS_ASSERTIONS = NO;
				ENABLE_STRICT_OBJC_MSGSEND = YES;
				GCC_C_LANGUAGE_STANDARD = gnu99;
				GCC_NO_COMMON_BLOCKS = YES;
				GCC_WARN_64_TO_32_BIT_CONVERSION = YES;
				GCC_WARN_ABOUT_RETURN_TYPE = YES_ERROR;
				GCC_WARN_UNDECLARED_SELECTOR = YES;
				GCC_WARN_UNINITIALIZED_AUTOS = YES_AGGRESSIVE;
				GCC_WARN_UNUSED_FUNCTION = YES;
				GCC_WARN_UNUSED_VARIABLE = YES;
				IPHONEOS_DEPLOYMENT_TARGET = 10.3;
				MTL_ENABLE_DEBUG_INFO = NO;
				SDKROOT = iphoneos;
				SWIFT_OPTIMIZATION_LEVEL = "-Owholemodule";
				TARGETED_DEVICE_FAMILY = "1,2";
				VALIDATE_PRODUCT = YES;
			};
			name = Release;
		};
		CC0113111EC3F890007203BC /* Debug */ = {
			isa = XCBuildConfiguration;
			buildSettings = {
				ASSETCATALOG_COMPILER_APPICON_NAME = AppIcon;
				INFOPLIST_FILE = PokeBook/Info.plist;
				LD_RUNPATH_SEARCH_PATHS = "$(inherited) @executable_path/Frameworks";
				PRODUCT_BUNDLE_IDENTIFIER = com.rainbowapps.PokeBook;
				PRODUCT_NAME = "$(TARGET_NAME)";
				SWIFT_VERSION = 3.0;
			};
			name = Debug;
		};
		CC0113121EC3F890007203BC /* Release */ = {
			isa = XCBuildConfiguration;
			buildSettings = {
				ASSETCATALOG_COMPILER_APPICON_NAME = AppIcon;
				INFOPLIST_FILE = PokeBook/Info.plist;
				LD_RUNPATH_SEARCH_PATHS = "$(inherited) @executable_path/Frameworks";
				PRODUCT_BUNDLE_IDENTIFIER = com.rainbowapps.PokeBook;
				PRODUCT_NAME = "$(TARGET_NAME)";
				SWIFT_VERSION = 3.0;
			};
			name = Release;
		};
/* End XCBuildConfiguration section */

/* Begin XCConfigurationList section */
		CC0112F91EC3F88A007203BC /* Build configuration list for PBXProject "PokeBook" */ = {
			isa = XCConfigurationList;
			buildConfigurations = (
				CC01130E1EC3F890007203BC /* Debug */,
				CC01130F1EC3F890007203BC /* Release */,
			);
			defaultConfigurationIsVisible = 0;
			defaultConfigurationName = Release;
		};
		CC0113101EC3F890007203BC /* Build configuration list for PBXNativeTarget "PokeBook" */ = {
			isa = XCConfigurationList;
			buildConfigurations = (
				CC0113111EC3F890007203BC /* Debug */,
				CC0113121EC3F890007203BC /* Release */,
			);
			defaultConfigurationIsVisible = 0;
			defaultConfigurationName = Release;
		};
/* End XCConfigurationList section */
	};
	rootObject = CC0112F61EC3F88A007203BC /* Project object */;
}
